
Microsoft Visual Studio Solution File, Format Version 12.00
Project("{FAE04EC0-301F-11D3-BF4B-00C04F79EFBC}") = "RONC", "RONC\RONC.csproj", "{61BF1C6A-67F1-4B48-8568-755D8E8B530F}"
EndProject
Project("{FAE04EC0-301F-11D3-BF4B-00C04F79EFBC}") = "RONC.IntegrationTest", "RONC.IntegrationTest\RONC.IntegrationTest.csproj", "{FF81AA23-EDA6-4075-9FF2-5572AA7A598E}"
EndProject
Project("{FAE04EC0-301F-11D3-BF4B-00C04F79EFBC}") = "RONC.UnitTest", "RONC.UnitTest\RONC.UnitTest.csproj", "{B6CA0AFC-BC71-4997-AF9E-933B9D995572}"
EndProject
Global
	GlobalSection(SolutionConfigurationPlatforms) = preSolution
		Debug|Any CPU = Debug|Any CPU
		Release|Any CPU = Release|Any CPU
	EndGlobalSection
	GlobalSection(ProjectConfigurationPlatforms) = postSolution
		{61BF1C6A-67F1-4B48-8568-755D8E8B530F}.Debug|Any CPU.ActiveCfg = Debug|Any CPU
		{61BF1C6A-67F1-4B48-8568-755D8E8B530F}.Debug|Any CPU.Build.0 = Debug|Any CPU
		{61BF1C6A-67F1-4B48-8568-755D8E8B530F}.Release|Any CPU.ActiveCfg = Release|Any CPU
		{61BF1C6A-67F1-4B48-8568-755D8E8B530F}.Release|Any CPU.Build.0 = Release|Any CPU
		{FF81AA23-EDA6-4075-9FF2-5572AA7A598E}.Debug|Any CPU.ActiveCfg = Debug|Any CPU
		{FF81AA23-EDA6-4075-9FF2-5572AA7A598E}.Debug|Any CPU.Build.0 = Debug|Any CPU
		{FF81AA23-EDA6-4075-9FF2-5572AA7A598E}.Release|Any CPU.ActiveCfg = Release|Any CPU
		{FF81AA23-EDA6-4075-9FF2-5572AA7A598E}.Release|Any CPU.Build.0 = Release|Any CPU
		{B6CA0AFC-BC71-4997-AF9E-933B9D995572}.Debug|Any CPU.ActiveCfg = Debug|Any CPU
		{B6CA0AFC-BC71-4997-AF9E-933B9D995572}.Debug|Any CPU.Build.0 = Debug|Any CPU
		{B6CA0AFC-BC71-4997-AF9E-933B9D995572}.Release|Any CPU.ActiveCfg = Release|Any CPU
		{B6CA0AFC-BC71-4997-AF9E-933B9D995572}.Release|Any CPU.Build.0 = Release|Any CPU
	EndGlobalSection
EndGlobal
